// !$*UTF8*$!
{
	archiveVersion = 1;
	classes = {
	};
	objectVersion = 46;
	objects = {

/* Begin PBXBuildFile section */
		371670F51DC7C45D008A4AD0 /* Deck.swift in Sources */ = {isa = PBXBuildFile; fileRef = 371670F41DC7C45D008A4AD0 /* Deck.swift */; };
		371670F71DC7C46A008A4AD0 /* PlayingCardDeck.swift in Sources */ = {isa = PBXBuildFile; fileRef = 371670F61DC7C46A008A4AD0 /* PlayingCardDeck.swift */; };
		372D02851DC27DB100B99B70 /* CardGameController.swift in Sources */ = {isa = PBXBuildFile; fileRef = 372D02841DC27DB100B99B70 /* CardGameController.swift */; };
		3785C9BB1DBFE3F300D8ECBA /* AppDelegate.swift in Sources */ = {isa = PBXBuildFile; fileRef = 3785C9BA1DBFE3F300D8ECBA /* AppDelegate.swift */; };
		3785C9C01DBFE3F300D8ECBA /* Main.storyboard in Resources */ = {isa = PBXBuildFile; fileRef = 3785C9BE1DBFE3F300D8ECBA /* Main.storyboard */; };
		3785C9C21DBFE3F300D8ECBA /* Assets.xcassets in Resources */ = {isa = PBXBuildFile; fileRef = 3785C9C11DBFE3F300D8ECBA /* Assets.xcassets */; };
		3785C9C51DBFE3F300D8ECBA /* LaunchScreen.storyboard in Resources */ = {isa = PBXBuildFile; fileRef = 3785C9C31DBFE3F300D8ECBA /* LaunchScreen.storyboard */; };
		3785C9CD1DBFE5CD00D8ECBA /* Card.swift in Sources */ = {isa = PBXBuildFile; fileRef = 3785C9CC1DBFE5CD00D8ECBA /* Card.swift */; };
		3785C9CF1DBFE60C00D8ECBA /* PlayingCard.swift in Sources */ = {isa = PBXBuildFile; fileRef = 3785C9CE1DBFE60C00D8ECBA /* PlayingCard.swift */; };
/* End PBXBuildFile section */

/* Begin PBXFileReference section */
		371670F41DC7C45D008A4AD0 /* Deck.swift */ = {isa = PBXFileReference; fileEncoding = 4; lastKnownFileType = sourcecode.swift; path = Deck.swift; sourceTree = "<group>"; };
		371670F61DC7C46A008A4AD0 /* PlayingCardDeck.swift */ = {isa = PBXFileReference; fileEncoding = 4; lastKnownFileType = sourcecode.swift; path = PlayingCardDeck.swift; sourceTree = "<group>"; };
		372D02841DC27DB100B99B70 /* CardGameController.swift */ = {isa = PBXFileReference; fileEncoding = 4; lastKnownFileType = sourcecode.swift; name = CardGameController.swift; path = Controller/CardGameController.swift; sourceTree = "<group>"; };
		3785C9B71DBFE3F300D8ECBA /* CardGame.app */ = {isa = PBXFileReference; explicitFileType = wrapper.application; includeInIndex = 0; path = CardGame.app; sourceTree = BUILT_PRODUCTS_DIR; };
		3785C9BA1DBFE3F300D8ECBA /* AppDelegate.swift */ = {isa = PBXFileReference; lastKnownFileType = sourcecode.swift; path = AppDelegate.swift; sourceTree = "<group>"; };
		3785C9BF1DBFE3F300D8ECBA /* Base */ = {isa = PBXFileReference; lastKnownFileType = file.storyboard; name = Base; path = Base.lproj/Main.storyboard; sourceTree = "<group>"; };
		3785C9C11DBFE3F300D8ECBA /* Assets.xcassets */ = {isa = PBXFileReference; lastKnownFileType = folder.assetcatalog; path = Assets.xcassets; sourceTree = "<group>"; };
		3785C9C41DBFE3F300D8ECBA /* Base */ = {isa = PBXFileReference; lastKnownFileType = file.storyboard; name = Base; path = Base.lproj/LaunchScreen.storyboard; sourceTree = "<group>"; };
		3785C9C61DBFE3F300D8ECBA /* Info.plist */ = {isa = PBXFileReference; lastKnownFileType = text.plist.xml; path = Info.plist; sourceTree = "<group>"; };
		3785C9CC1DBFE5CD00D8ECBA /* Card.swift */ = {isa = PBXFileReference; fileEncoding = 4; lastKnownFileType = sourcecode.swift; name = Card.swift; path = Model/Card.swift; sourceTree = "<group>"; };
		3785C9CE1DBFE60C00D8ECBA /* PlayingCard.swift */ = {isa = PBXFileReference; fileEncoding = 4; lastKnownFileType = sourcecode.swift; name = PlayingCard.swift; path = Model/PlayingCard.swift; sourceTree = "<group>"; };
/* End PBXFileReference section */

/* Begin PBXFrameworksBuildPhase section */
		3785C9B41DBFE3F300D8ECBA /* Frameworks */ = {
			isa = PBXFrameworksBuildPhase;
			buildActionMask = 2147483647;
			files = (
			);
			runOnlyForDeploymentPostprocessing = 0;
		};
/* End PBXFrameworksBuildPhase section */

/* Begin PBXGroup section */
		372D02861DC27DEA00B99B70 /* Controller */ = {
			isa = PBXGroup;
			children = (
				372D02841DC27DB100B99B70 /* CardGameController.swift */,
			);
			name = Controller;
			sourceTree = "<group>";
		};
		3785C9AE1DBFE3F300D8ECBA = {
			isa = PBXGroup;
			children = (
				3785C9B91DBFE3F300D8ECBA /* CardGame */,
				3785C9B81DBFE3F300D8ECBA /* Products */,
			);
			sourceTree = "<group>";
		};
		3785C9B81DBFE3F300D8ECBA /* Products */ = {
			isa = PBXGroup;
			children = (
				3785C9B71DBFE3F300D8ECBA /* CardGame.app */,
			);
			name = Products;
			sourceTree = "<group>";
		};
		3785C9B91DBFE3F300D8ECBA /* CardGame */ = {
			isa = PBXGroup;
			children = (
				3785C9BA1DBFE3F300D8ECBA /* AppDelegate.swift */,
				3785C9C61DBFE3F300D8ECBA /* Info.plist */,
				3785C9D11DBFE68400D8ECBA /* View */,
				3785C9D01DBFE66100D8ECBA /* Model */,
				372D02861DC27DEA00B99B70 /* Controller */,
			);
			path = CardGame;
			sourceTree = "<group>";
		};
		3785C9D01DBFE66100D8ECBA /* Model */ = {
			isa = PBXGroup;
			children = (
				3785C9CC1DBFE5CD00D8ECBA /* Card.swift */,
				3785C9CE1DBFE60C00D8ECBA /* PlayingCard.swift */,
				371670F41DC7C45D008A4AD0 /* Deck.swift */,
				371670F61DC7C46A008A4AD0 /* PlayingCardDeck.swift */,
			);
			name = Model;
			sourceTree = "<group>";
		};
		3785C9D11DBFE68400D8ECBA /* View */ = {
			isa = PBXGroup;
			children = (
				3785C9BE1DBFE3F300D8ECBA /* Main.storyboard */,
				3785C9C11DBFE3F300D8ECBA /* Assets.xcassets */,
				3785C9C31DBFE3F300D8ECBA /* LaunchScreen.storyboard */,
			);
			name = View;
			sourceTree = "<group>";
		};
/* End PBXGroup section */

/* Begin PBXNativeTarget section */
		3785C9B61DBFE3F300D8ECBA /* CardGame */ = {
			isa = PBXNativeTarget;
			buildConfigurationList = 3785C9C91DBFE3F300D8ECBA /* Build configuration list for PBXNativeTarget "CardGame" */;
			buildPhases = (
				3785C9B31DBFE3F300D8ECBA /* Sources */,
				3785C9B41DBFE3F300D8ECBA /* Frameworks */,
				3785C9B51DBFE3F300D8ECBA /* Resources */,
			);
			buildRules = (
			);
			dependencies = (
			);
			name = CardGame;
			productName = CardGame;
			productReference = 3785C9B71DBFE3F300D8ECBA /* CardGame.app */;
			productType = "com.apple.product-type.application";
		};
/* End PBXNativeTarget section */

/* Begin PBXProject section */
		3785C9AF1DBFE3F300D8ECBA /* Project object */ = {
			isa = PBXProject;
			attributes = {
				LastSwiftUpdateCheck = 0720;
				LastUpgradeCheck = 0720;
				ORGANIZATIONNAME = "Peterson, Jacob";
				TargetAttributes = {
					3785C9B61DBFE3F300D8ECBA = {
						CreatedOnToolsVersion = 7.2;
					};
				};
			};
			buildConfigurationList = 3785C9B21DBFE3F300D8ECBA /* Build configuration list for PBXProject "CardGame" */;
			compatibilityVersion = "Xcode 3.2";
			developmentRegion = English;
			hasScannedForEncodings = 0;
			knownRegions = (
				en,
				Base,
			);
			mainGroup = 3785C9AE1DBFE3F300D8ECBA;
			productRefGroup = 3785C9B81DBFE3F300D8ECBA /* Products */;
			projectDirPath = "";
			projectRoot = "";
			targets = (
				3785C9B61DBFE3F300D8ECBA /* CardGame */,
			);
		};
/* End PBXProject section */

/* Begin PBXResourcesBuildPhase section */
		3785C9B51DBFE3F300D8ECBA /* Resources */ = {
			isa = PBXResourcesBuildPhase;
			buildActionMask = 2147483647;
			files = (
				3785C9C51DBFE3F300D8ECBA /* LaunchScreen.storyboard in Resources */,
				3785C9C21DBFE3F300D8ECBA /* Assets.xcassets in Resources */,
				3785C9C01DBFE3F300D8ECBA /* Main.storyboard in Resources */,
			);
			runOnlyForDeploymentPostprocessing = 0;
		};
/* End PBXResourcesBuildPhase section */

/* Begin PBXSourcesBuildPhase section */
		3785C9B31DBFE3F300D8ECBA /* Sources */ = {
			isa = PBXSourcesBuildPhase;
			buildActionMask = 2147483647;
			files = (
				3785C9CD1DBFE5CD00D8ECBA /* Card.swift in Sources */,
				3785C9CF1DBFE60C00D8ECBA /* PlayingCard.swift in Sources */,
				371670F51DC7C45D008A4AD0 /* Deck.swift in Sources */,
				371670F71DC7C46A008A4AD0 /* PlayingCardDeck.swift in Sources */,
				3785C9BB1DBFE3F300D8ECBA /* AppDelegate.swift in Sources */,
				372D02851DC27DB100B99B70 /* CardGameController.swift in Sources */,
			);
			runOnlyForDeploymentPostprocessing = 0;
		};
/* End PBXSourcesBuildPhase section */

/* Begin PBXVariantGroup section */
		3785C9BE1DBFE3F300D8ECBA /* Main.storyboard */ = {
			isa = PBXVariantGroup;
			children = (
				3785C9BF1DBFE3F300D8ECBA /* Base */,
			);
			name = Main.storyboard;
			sourceTree = "<group>";
		};
		3785C9C31DBFE3F300D8ECBA /* LaunchScreen.storyboard */ = {
			isa = PBXVariantGroup;
			children = (
				3785C9C41DBFE3F300D8ECBA /* Base */,
			);
			name = LaunchScreen.storyboard;
			sourceTree = "<group>";
		};
/* End PBXVariantGroup section */

/* Begin XCBuildConfiguration section */
		3785C9C71DBFE3F300D8ECBA /* Debug */ = {
			isa = XCBuildConfiguration;
			buildSettings = {
				ALWAYS_SEARCH_USER_PATHS = NO;
				CLANG_CXX_LANGUAGE_STANDARD = "gnu++0x";
				CLANG_CXX_LIBRARY = "libc++";
				CLANG_ENABLE_MODULES = YES;
				CLANG_ENABLE_OBJC_ARC = YES;
				CLANG_WARN_BOOL_CONVERSION = YES;
				CLANG_WARN_CONSTANT_CONVERSION = YES;
				CLANG_WARN_DIRECT_OBJC_ISA_USAGE = YES_ERROR;
				CLANG_WARN_EMPTY_BODY = YES;
				CLANG_WARN_ENUM_CONVERSION = YES;
				CLANG_WARN_INT_CONVERSION = YES;
				CLANG_WARN_OBJC_ROOT_CLASS = YES_ERROR;
				CLANG_WARN_UNREACHABLE_CODE = YES;
				CLANG_WARN__DUPLICATE_METHOD_MATCH = YES;
				"CODE_SIGN_IDENTITY[sdk=iphoneos*]" = "iPhone Developer";
				COPY_PHASE_STRIP = NO;
				DEBUG_INFORMATION_FORMAT = dwarf;
				ENABLE_STRICT_OBJC_MSGSEND = YES;
				ENABLE_TESTABILITY = YES;
				GCC_C_LANGUAGE_STANDARD = gnu99;
				GCC_DYNAMIC_NO_PIC = NO;
				GCC_NO_COMMON_BLOCKS = YES;
				GCC_OPTIMIZATION_LEVEL = 0;
				GCC_PREPROCESSOR_DEFINITIONS = (
					"DEBUG=1",
					"$(inherited)",
				);
				GCC_WARN_64_TO_32_BIT_CONVERSION = YES;
				GCC_WARN_ABOUT_RETURN_TYPE = YES_ERROR;
				GCC_WARN_UNDECLARED_SELECTOR = YES;
				GCC_WARN_UNINITIALIZED_AUTOS = YES_AGGRESSIVE;
				GCC_WARN_UNUSED_FUNCTION = YES;
				GCC_WARN_UNUSED_VARIABLE = YES;
				IPHONEOS_DEPLOYMENT_TARGET = 9.2;
				MTL_ENABLE_DEBUG_INFO = YES;
				ONLY_ACTIVE_ARCH = YES;
				SDKROOT = iphoneos;
				SWIFT_OPTIMIZATION_LEVEL = "-Onone";
				TARGETED_DEVICE_FAMILY = "1,2";
			};
			name = Debug;
		};
		3785C9C81DBFE3F300D8ECBA /* Release */ = {
			isa = XCBuildConfiguration;
			buildSettings = {
				ALWAYS_SEARCH_USER_PATHS = NO;
				CLANG_CXX_LANGUAGE_STANDARD = "gnu++0x";
				CLANG_CXX_LIBRARY = "libc++";
				CLANG_ENABLE_MODULES = YES;
				CLANG_ENABLE_OBJC_ARC = YES;
				CLANG_WARN_BOOL_CONVERSION = YES;
				CLANG_WARN_CONSTANT_CONVERSION = YES;
				CLANG_WARN_DIRECT_OBJC_ISA_USAGE = YES_ERROR;
				CLANG_WARN_EMPTY_BODY = YES;
				CLANG_WARN_ENUM_CONVERSION = YES;
				CLANG_WARN_INT_CONVERSION = YES;
				CLANG_WARN_OBJC_ROOT_CLASS = YES_ERROR;
				CLANG_WARN_UNREACHABLE_CODE = YES;
				CLANG_WARN__DUPLICATE_METHOD_MATCH = YES;
				"CODE_SIGN_IDENTITY[sdk=iphoneos*]" = "iPhone Developer";
				COPY_PHASE_STRIP = NO;
				DEBUG_INFORMATION_FORMAT = "dwarf-with-dsym";
				ENABLE_NS_ASSERTIONS = NO;
				ENABLE_STRICT_OBJC_MSGSEND = YES;
				GCC_C_LANGUAGE_STANDARD = gnu99;
				GCC_NO_COMMON_BLOCKS = YES;
				GCC_WARN_64_TO_32_BIT_CONVERSION = YES;
				GCC_WARN_ABOUT_RETURN_TYPE = YES_ERROR;
				GCC_WARN_UNDECLARED_SELECTOR = YES;
				GCC_WARN_UNINITIALIZED_AUTOS = YES_AGGRESSIVE;
				GCC_WARN_UNUSED_FUNCTION = YES;
				GCC_WARN_UNUSED_VARIABLE = YES;
				IPHONEOS_DEPLOYMENT_TARGET = 9.2;
				MTL_ENABLE_DEBUG_INFO = NO;
				SDKROOT = iphoneos;
				TARGETED_DEVICE_FAMILY = "1,2";
				VALIDATE_PRODUCT = YES;
			};
			name = Release;
		};
		3785C9CA1DBFE3F300D8ECBA /* Debug */ = {
			isa = XCBuildConfiguration;
			buildSettings = {
				ASSETCATALOG_COMPILER_APPICON_NAME = AppIcon;
				INFOPLIST_FILE = CardGame/Info.plist;
				LD_RUNPATH_SEARCH_PATHS = "$(inherited) @executable_path/Frameworks";
				PRODUCT_BUNDLE_IDENTIFIER = cardGame.CardGame;
				PRODUCT_NAME = "$(TARGET_NAME)";
			};
			name = Debug;
		};
		3785C9CB1DBFE3F300D8ECBA /* Release */ = {
			isa = XCBuildConfiguration;
			buildSettings = {
				ASSETCATALOG_COMPILER_APPICON_NAME = AppIcon;
				INFOPLIST_FILE = CardGame/Info.plist;
				LD_RUNPATH_SEARCH_PATHS = "$(inherited) @executable_path/Frameworks";
				PRODUCT_BUNDLE_IDENTIFIER = cardGame.CardGame;
				PRODUCT_NAME = "$(TARGET_NAME)";
			};
			name = Release;
		};
/* End XCBuildConfiguration section */

/* Begin XCConfigurationList section */
		3785C9B21DBFE3F300D8ECBA /* Build configuration list for PBXProject "CardGame" */ = {
			isa = XCConfigurationList;
			buildConfigurations = (
				3785C9C71DBFE3F300D8ECBA /* Debug */,
				3785C9C81DBFE3F300D8ECBA /* Release */,
			);
			defaultConfigurationIsVisible = 0;
			defaultConfigurationName = Release;
		};
		3785C9C91DBFE3F300D8ECBA /* Build configuration list for PBXNativeTarget "CardGame" */ = {
			isa = XCConfigurationList;
			buildConfigurations = (
				3785C9CA1DBFE3F300D8ECBA /* Debug */,
				3785C9CB1DBFE3F300D8ECBA /* Release */,
			);
			defaultConfigurationIsVisible = 0;
			defaultConfigurationName = Release;
		};
/* End XCConfigurationList section */
	};
	rootObject = 3785C9AF1DBFE3F300D8ECBA /* Project object */;
}
